{
    "_readme": [
        "This file locks the dependencies of your project to a known state",
        "Read more about it at https://getcomposer.org/doc/01-basic-usage.md#composer-lock-the-lock-file",
        "This file is @generated automatically"
    ],
    "hash": "5e8657bfd6862d7839badae659caf1d1",
    "packages": [],
    "packages-dev": [
        {
            "name": "johnlui/aliyun-oss",
            "version": "v1.3.1",
            "source": {
                "type": "git",
                "url": "https://github.com/johnlui/AliyunOSS.git",
                "reference": "470983733f1a93efb446cdcb1ba7e055d3a31ab5"
            },
            "dist": {
                "type": "zip",
                "url": "https://api.github.com/repos/johnlui/AliyunOSS/zipball/470983733f1a93efb446cdcb1ba7e055d3a31ab5",
                "reference": "470983733f1a93efb446cdcb1ba7e055d3a31ab5",
                "shasum": ""
            },
            "require": {
                "php": ">=5.4.0"
            },
            "type": "library",
            "autoload": {
                "psr-4": {
                    "JohnLui\\AliyunOSS\\": ""
                }
            },
            "notification-url": "https://packagist.org/downloads/",
            "license": [
                "MIT"
            ],
            "authors": [
                {
                    "name": "John Lui",
                    "email": "wenhanlv@gmail.com"
                }
            ],
            "description": "阿里云 OSS 官方 SDK 的 Composer 封装，支持任何 PHP 项目，包括 Laravel、Symfony、TinyLara 等等。",
            "homepage": "https://github.com/johnlui/AliyunOSS",
            "keywords": [
                "AliyunOSS",
                "aliyun",
                "oss"
            ],
            "time": "2015-10-28 09:19:50"
        },
        {
            "name": "mikey179/vfsStream",
            "version": "v1.1.0",
            "source": {
                "type": "git",
                "url": "https://github.com/mikey179/vfsStream.git",
                "reference": "fc0fe8f4d0b527254a2dc45f0c265567c881d07e"
            },
            "dist": {
                "type": "zip",
                "url": "https://api.github.com/repos/mikey179/vfsStream/zipball/fc0fe8f4d0b527254a2dc45f0c265567c881d07e",
                "reference": "fc0fe8f4d0b527254a2dc45f0c265567c881d07e",
                "shasum": ""
            },
            "require": {
                "php": ">=5.3.0"
            },
            "type": "library",
            "autoload": {
                "psr-0": {
                    "org\\bovigo\\vfs": "src/main/php"
                }
            },
            "notification-url": "https://packagist.org/downloads/",
            "license": [
                "BSD"
            ],
            "homepage": "http://vfs.bovigo.org/",
            "time": "2012-08-25 12:49:29"
        }
    ],
    "aliases": [],
    "minimum-stability": "stable",
    "stability-flags": [],
    "prefer-stable": false,
    "prefer-lowest": false,
    "platform": {
        "php": ">=5.2.4"
    },
    "platform-dev": []
}
